
Microsoft Visual Studio Solution File, Format Version 12.00
# Visual Studio Version 17
VisualStudioVersion = 17.10.35027.167
MinimumVisualStudioVersion = 10.0.40219.1
Project("{FAE04EC0-301F-11D3-BF4B-00C04F79EFBC}") = "BankingSystem", "BankingSystem\BankingSystem.csproj", "{3A496FA4-BC71-4AB6-A407-F00FF5EFECAD}"
EndProject
Global
	GlobalSection(SolutionConfigurationPlatforms) = preSolution
		Debug|Any CPU = Debug|Any CPU
		Release|Any CPU = Release|Any CPU
	EndGlobalSection
	GlobalSection(ProjectConfigurationPlatforms) = postSolution
		{3A496FA4-BC71-4AB6-A407-F00FF5EFECAD}.Debug|Any CPU.ActiveCfg = Debug|Any CPU
		{3A496FA4-BC71-4AB6-A407-F00FF5EFECAD}.Debug|Any CPU.Build.0 = Debug|Any CPU
		{3A496FA4-BC71-4AB6-A407-F00FF5EFECAD}.Release|Any CPU.ActiveCfg = Release|Any CPU
		{3A496FA4-BC71-4AB6-A407-F00FF5EFECAD}.Release|Any CPU.Build.0 = Release|Any CPU
	EndGlobalSection
	GlobalSection(SolutionProperties) = preSolution
		HideSolutionNode = FALSE
	EndGlobalSection
	GlobalSection(ExtensibilityGlobals) = postSolution
		SolutionGuid = {9602A9F8-D700-4320-85F9-D2BC805D4EEE}
	EndGlobalSection
EndGlobal
